{"SurveyEntry":{"SurveyID":"SV_bm6UCICkyrODeBg","SurveyName":"StreetGPT","SurveyDescription":null,"SurveyOwnerID":"UR_2foe46PJPSibYhL","SurveyBrandID":"rug","DivisionID":null,"SurveyLanguage":"EN","SurveyActiveResponseSet":"RS_doNeIlZE1JUKoSy","SurveyStatus":"Active","SurveyStartDate":"0000-00-00 00:00:00","SurveyExpirationDate":"0000-00-00 00:00:00","SurveyCreationDate":"2023-09-07 03:39:22","CreatorID":"UR_2foe46PJPSibYhL","LastModified":"2023-09-08 06:46:46","LastAccessed":"0000-00-00 00:00:00","LastActivated":"2023-09-08 04:19:12","Deleted":null},"SurveyElements":[{"SurveyID":"SV_bm6UCICkyrODeBg","Element":"BL","PrimaryAttribute":"Survey Blocks","SecondaryAttribute":null,"TertiaryAttribute":null,"Payload":[{"Type":"Default","Description":"Default Question Block","ID":"BL_0Jr2gy8CJBnF166","BlockElements":[{"Type":"Question","QuestionID":"QID1"}],"Options":{"BlockLocking":"false","RandomizeQuestions":"false","Looping":"Static","LoopingOptions":{"Static":{"1":{"1":"statement1","2":"Humans have made contact with aliens and this fact has been deliberately hidden from the public."},"2":{"1":"statement2","2":"The dangers of vaccines are being hidden by the medical establishment."},"3":{"1":"statement3","2":"The dangers of genetically-modified foods are being hidden from the public."},"4":{"1":"statement4","2":"Climate change is a hoax perpetrated by corrupt scientists and politicians."},"5":{"1":"statement5","2":"The 1% of the richest people secretly control the entire American government and economy."},"6":{"1":"statement6","2":"There is a \u201cdeep state\u201d embedded in the government that operates in secret and without oversight."},"7":{"1":"statement7","2":"Elites, from government and Hollywood, are engaged in a massive child sex trafficking racket."},"8":{"1":"statement8","2":"Joe Biden won the presidential election through voter fraud."},"9":{"1":"statement9","2":"Elections in this country are often rigged."},"10":{"1":"statement10","2":"Republicans won the presidential elections in 2016, 2004, and 2000 by stealing them."}},"Randomization":"All"}}},{"Type":"Trash","Description":"Trash \/ Unused Questions","ID":"BL_29NvHI3wmLhv8uG","BlockElements":[]},{"Type":"Standard","SubType":"","Description":"Diotima","ID":"BL_cUPEXIuWw4cuHdA","BlockElements":[{"Type":"Question","QuestionID":"QID2"}]},{"Type":"Standard","SubType":"","Description":"Welcome","ID":"BL_7V4958eIjbbcrFY","BlockElements":[{"Type":"Question","QuestionID":"QID3"}]},{"Type":"Standard","SubType":"","Description":"Feedback","ID":"BL_06ydFkA1gAbRe06","BlockElements":[{"Type":"Question","QuestionID":"QID4"}],"Options":{"BlockLocking":"false","RandomizeQuestions":"false","Looping":"Static","LoopingOptions":{"Static":{"1":{"1":"Interacting with Diotima felt like a conversation with a human.","2":""},"2":{"1":"The chatbot helped me clarify my beliefs effectively.","2":""},"3":{"1":"I found the questions posed by Diotima to be insightful and thought-provoking.","2":""},"5":{"1":"I felt comfortable sharing my beliefs and opinions with the chatbot.","2":""},"7":{"1":"The chatbot made me consider perspectives I hadn't thought of before.","2":""},"8":{"1":"I found Diotima's conversational style to be clear and easy to follow.","2":""},"9":{"1":"I enjoyed the interaction with Diotima.","2":""}},"Randomization":"All"}}},{"Type":"Standard","SubType":"","Description":"Freetext Feedback","ID":"BL_6xGRVMcYUmpeaA6","BlockElements":[{"Type":"Question","QuestionID":"QID5"}]},{"Type":"Standard","SubType":"","Description":"Demographics","ID":"BL_bPCD681qxX8Jvsa","BlockElements":[{"Type":"Question","QuestionID":"QID6"},{"Type":"Page Break"},{"Type":"Question","QuestionID":"QID14"},{"Type":"Page Break"},{"Type":"Question","QuestionID":"QID7"},{"Type":"Page Break"},{"Type":"Question","QuestionID":"QID8"},{"Type":"Page Break"},{"Type":"Question","QuestionID":"QID9"},{"Type":"Page Break"},{"Type":"Question","QuestionID":"QID10"}]},{"Type":"Standard","SubType":"","Description":"Consent","ID":"BL_2rct0oPjqUL9hCC","BlockElements":[{"Type":"Question","QuestionID":"QID11"}]},{"Type":"Standard","SubType":"","Description":"Block 7","ID":"BL_9LhmijcBKUsrJDU","BlockElements":[{"Type":"Question","QuestionID":"QID12"}]},{"Type":"Standard","SubType":"","Description":"Thank you","ID":"BL_9moNGnZXM2Z4qNg","BlockElements":[{"Type":"Question","QuestionID":"QID13"}]}]},{"SurveyID":"SV_bm6UCICkyrODeBg","Element":"FL","PrimaryAttribute":"Survey Flow","SecondaryAttribute":null,"TertiaryAttribute":null,"Payload":{"Type":"Root","FlowID":"FL_1","Flow":[{"Type":"EmbeddedData","FlowID":"FL_4","EmbeddedData":[{"Description":"questionName","Type":"Recipient","Field":"questionName","VariableType":"String","DataVisibility":[],"AnalyzeText":false},{"Description":"recodeValue","Type":"Recipient","Field":"recodeValue","VariableType":"Scale","DataVisibility":[]},{"Description":"constructedURL","Type":"Recipient","Field":"constructedURL","VariableType":"String","DataVisibility":[],"AnalyzeText":false},{"Description":"PROLIFIC_PID","Type":"Recipient","Field":"PROLIFIC_PID","VariableType":"String","DataVisibility":[],"AnalyzeText":false}]},{"Type":"Standard","ID":"BL_7V4958eIjbbcrFY","FlowID":"FL_6","Autofill":[]},{"Type":"Standard","ID":"BL_2rct0oPjqUL9hCC","FlowID":"FL_12","Autofill":[]},{"Type":"Standard","ID":"BL_9LhmijcBKUsrJDU","FlowID":"FL_14","Autofill":[]},{"Type":"Branch","FlowID":"FL_10","Description":"New Branch","BranchLogic":{"0":{"0":{"LogicType":"Question","QuestionID":"QID3","QuestionIsInLoop":"no","ChoiceLocator":"q:\/\/QID3\/SelectableChoice\/1","Operator":"Selected","QuestionIDFromLocator":"QID3","LeftOperand":"q:\/\/QID3\/SelectableChoice\/1","Type":"Expression","Description":"<span class=\"ConjDesc\">If<\/span> <span class=\"QuestionDesc\">Hello! I'm Marco, a researcher at the University of Hamburg. This survey aims to capture your vie...<\/span> <span class=\"LeftOpDesc\">No<\/span> <span class=\"OpDesc\">Is Selected<\/span> "},"Type":"If"},"Type":"BooleanExpression"},"Flow":[{"Type":"EndSurvey","FlowID":"FL_11","EndingType":"Advanced","Options":{"Advanced":"true","SurveyTermination":"DisplayMessage","EOSMessageLibrary":"UR_73Zes2jn5Qcrl0V","EOSMessage":"MS_PcClPryqVDWywYy"}}]},{"Type":"Block","ID":"BL_0Jr2gy8CJBnF166","FlowID":"FL_2","Autofill":[]},{"Type":"Standard","ID":"BL_cUPEXIuWw4cuHdA","FlowID":"FL_5","Autofill":[]},{"Type":"Standard","ID":"BL_06ydFkA1gAbRe06","FlowID":"FL_7","Autofill":[]},{"Type":"Standard","ID":"BL_6xGRVMcYUmpeaA6","FlowID":"FL_8","Autofill":[]},{"Type":"Standard","ID":"BL_bPCD681qxX8Jvsa","FlowID":"FL_9","Autofill":[]},{"ID":"BL_9moNGnZXM2Z4qNg","Type":"Standard","FlowID":"FL_16"},{"Type":"EndSurvey","FlowID":"FL_15","EndingType":"Advanced","Options":{"Advanced":"true","SurveyTermination":"Redirect","EOSRedirectURL":"https:\/\/app.prolific.co\/submissions\/complete?cc=CNB6UQSH"}}],"Properties":{"Count":16,"RemovedFieldsets":[]}}},{"SurveyID":"SV_bm6UCICkyrODeBg","Element":"PL","PrimaryAttribute":"Preview Link","SecondaryAttribute":null,"TertiaryAttribute":null,"Payload":{"PreviewType":"Brand","PreviewID":"0b51f0cf-3e2d-44b7-b4e2-23d2130b1194"}},{"SurveyID":"SV_bm6UCICkyrODeBg","Element":"SO","PrimaryAttribute":"Survey Options","SecondaryAttribute":null,"TertiaryAttribute":null,"Payload":{"BackButton":"false","SaveAndContinue":"true","SurveyProtection":"PublicSurvey","BallotBoxStuffingPrevention":"false","NoIndex":"Yes","SecureResponseFiles":"true","SurveyExpiration":"None","SurveyTermination":"DefaultMessage","Header":"","Footer":"","ProgressBarDisplay":"None","PartialData":"+1 week","ValidationMessage":null,"PreviousButton":"","NextButton":"","SurveyTitle":"Qualtrics Survey | Qualtrics Experience Management","SkinLibrary":"principiaadvisory","SkinType":"component","Skin":{"brandingId":null,"templateId":"*simple","overrides":null},"NewScoring":1,"SurveyMetaDescription":"The most powerful, simple and trusted way to gather experience data. Start your journey to experience management and try a free account today.","CustomStyles":[],"Autoadvance":"true","AutoadvancePages":"true","EOSMessage":null,"ShowExportTags":"false","CollectGeoLocation":"false","PasswordProtection":"No","AnonymizeResponse":"No","RefererCheck":"No","BallotBoxStuffingPreventionBehavior":null,"BallotBoxStuffingPreventionMessage":null,"BallotBoxStuffingPreventionMessageLibrary":null,"BallotBoxStuffingPreventionURL":null,"RecaptchaV3":"false","ConfirmStart":false,"AutoConfirmStart":false,"RelevantID":"false","RelevantIDLockoutPeriod":"+30 days","UseCustomSurveyLinkCompletedMessage":null,"SurveyLinkCompletedMessage":null,"SurveyLinkCompletedMessageLibrary":null,"ResponseSummary":"No","EOSMessageLibrary":null,"EOSRedirectURL":null,"EmailThankYou":"false","ThankYouEmailMessageLibrary":null,"ThankYouEmailMessage":null,"ValidateMessage":"false","ValidationMessageLibrary":null,"InactiveSurvey":"DefaultMessage","PartialDeletion":null,"PartialDataCloseAfter":"LastActivity","InactiveMessageLibrary":null,"InactiveMessage":null,"AvailableLanguages":{"EN":[]},"ProtectSelectionIds":true,"SurveyName":"StreetGPT"}},{"SurveyID":"SV_bm6UCICkyrODeBg","Element":"SCO","PrimaryAttribute":"Scoring","SecondaryAttribute":null,"TertiaryAttribute":null,"Payload":{"ScoringCategories":[],"ScoringCategoryGroups":[],"ScoringSummaryCategory":null,"ScoringSummaryAfterQuestions":0,"ScoringSummaryAfterSurvey":0,"DefaultScoringCategory":null,"AutoScoringCategory":null}},{"SurveyID":"SV_bm6UCICkyrODeBg","Element":"PROJ","PrimaryAttribute":"CORE","SecondaryAttribute":null,"TertiaryAttribute":"1.1.0","Payload":{"ProjectCategory":"CORE","SchemaVersion":"1.1.0"}},{"SurveyID":"SV_bm6UCICkyrODeBg","Element":"STAT","PrimaryAttribute":"Survey Statistics","SecondaryAttribute":null,"TertiaryAttribute":null,"Payload":{"MobileCompatible":false,"ID":"Survey Statistics"}},{"SurveyID":"SV_bm6UCICkyrODeBg","Element":"QC","PrimaryAttribute":"Survey Question Count","SecondaryAttribute":"14","TertiaryAttribute":null,"Payload":null},{"SurveyID":"SV_bm6UCICkyrODeBg","Element":"SQ","PrimaryAttribute":"QID5","SecondaryAttribute":"Any other feedback you would like to share?","TertiaryAttribute":null,"Payload":{"QuestionText":"Any other feedback you would like to share?","DefaultChoices":false,"DataExportTag":"Q7","QuestionType":"TE","Selector":"ESTB","Configuration":{"QuestionDescriptionOption":"UseText","InputWidth":581,"InputHeight":124},"QuestionDescription":"Any other feedback you would like to share?","Validation":{"Settings":{"ForceResponse":"OFF","Type":"None"}},"GradingData":[],"Language":[],"NextChoiceId":4,"NextAnswerId":1,"SearchSource":{"AllowFreeResponse":"false"},"QuestionID":"QID5","QuestionText_Unsafe":"Any other feedback you would like to share?"}},{"SurveyID":"SV_bm6UCICkyrODeBg","Element":"SQ","PrimaryAttribute":"QID11","SecondaryAttribute":"Consent Form Researcher: Marco Meyer Affiliation: University of Hamburg Contact: marco.meyer@uni-...","TertiaryAttribute":null,"Payload":{"QuestionText":"<strong>Consent Form<\/strong><br \/>\n<br \/>\n<strong>Researcher<\/strong>: Marco Meyer<br \/>\n<strong>Affiliation:<\/strong> University of Hamburg<br \/>\n<strong>Contact:<\/strong> marco.meyer@uni-hamburg.de<br \/>\n<br \/>\n<strong>Purpose of the Study: <\/strong>&nbsp;This study aims to explore your perspectives on politics, social issues, and ethics. You will be asked to answer 10 agree\/disagree questions, engage in a 5-minute conversation with Diotima, an AI chatbot, about one of your beliefs, and finally, provide feedback on your experience and some demographic information.<br \/>\n<br \/>\n<strong>Participation: <\/strong>Your participation in this study is entirely voluntary. You can withdraw from the study at any point without any repercussions.<br \/>\n<br \/>\n<strong>Confidentiality:<\/strong>&nbsp;All responses are confidential and will only be used for research purposes. The data will be stored securely and only accessible by the research team.<br \/>\n<br \/>\n<strong>Data Use:<\/strong> The data collected will be used exclusively for academic research and may be published in academic journals or presented at conferences. Your individual responses will not be identified in any publications.<br \/>\n<br \/>\n<strong>Consent:<\/strong> By clicking &quot;I Agree&quot; below, you confirm that you have read the above information and voluntarily agree to participate in this research study.","DefaultChoices":false,"DataExportTag":"Q2","QuestionType":"MC","Selector":"SAHR","SubSelector":"TX","DataVisibility":{"Private":false,"Hidden":false},"Configuration":{"QuestionDescriptionOption":"UseText","Autoscale":{"YScale":{"Name":"yesNo","Type":"likert","Reverse":false}},"LabelPosition":"BELOW"},"QuestionDescription":"Consent Form Researcher: Marco Meyer Affiliation: University of Hamburg Contact: marco.meyer@uni-...","Choices":{"1":{"Display":"I do not agree"},"2":{"Display":"I agree"}},"ChoiceOrder":[1,2],"Validation":{"Settings":{"ForceResponse":"ON","ForceResponseType":"ON","Type":"None"}},"GradingData":[],"Language":[],"NextChoiceId":3,"NextAnswerId":1,"QuestionID":"QID11","QuestionText_Unsafe":"<strong>Consent Form<\/strong><br \/>\n<br \/>\n<strong>Researcher<\/strong>: Marco Meyer<br \/>\n<strong>Affiliation:<\/strong> University of Hamburg<br \/>\n<strong>Contact:<\/strong> marco.meyer@uni-hamburg.de<br \/>\n<br \/>\n<strong>Purpose of the Study: <\/strong>&nbsp;This study aims to explore your perspectives on politics, social issues, and ethics. You will be asked to answer 10 agree\/disagree questions, engage in a 5-minute conversation with Diotima, an AI chatbot, about one of your beliefs, and finally, provide feedback on your experience and some demographic information.<br \/>\n<br \/>\n<strong>Participation: <\/strong>Your participation in this study is entirely voluntary. You can withdraw from the study at any point without any repercussions.<br \/>\n<br \/>\n<strong>Confidentiality:<\/strong>&nbsp;All responses are confidential and will only be used for research purposes. The data will be stored securely and only accessible by the research team.<br \/>\n<br \/>\n<strong>Data Use:<\/strong> The data collected will be used exclusively for academic research and may be published in academic journals or presented at conferences. Your individual responses will not be identified in any publications.<br \/>\n<br \/>\n<strong>Consent:<\/strong> By clicking &quot;I Agree&quot; below, you confirm that you have read the above information and voluntarily agree to participate in this research study."}},{"SurveyID":"SV_bm6UCICkyrODeBg","Element":"RS","PrimaryAttribute":"RS_doNeIlZE1JUKoSy","SecondaryAttribute":"Default Response Set","TertiaryAttribute":null,"Payload":null},{"SurveyID":"SV_bm6UCICkyrODeBg","Element":"SQ","PrimaryAttribute":"QID10","SecondaryAttribute":"Do you regularly engage in philosophical debates or discussions?","TertiaryAttribute":null,"Payload":{"QuestionText":"Do you regularly engage in philosophical debates or discussions?","DefaultChoices":false,"DataExportTag":"Q12","QuestionType":"MC","Selector":"SAVR","SubSelector":"TX","Configuration":{"QuestionDescriptionOption":"UseText"},"QuestionDescription":"Do you regularly engage in philosophical debates or discussions?","Choices":{"1":{"Display":"Never"},"2":{"Display":"Rarely"},"3":{"Display":"Sometimes"},"4":{"Display":"Often"}},"ChoiceOrder":[1,2,3,4],"Validation":{"Settings":{"ForceResponse":"ON","ForceResponseType":"ON","Type":"None"}},"GradingData":[],"Language":[],"NextChoiceId":5,"NextAnswerId":1,"QuestionID":"QID10","QuestionText_Unsafe":"Do you regularly engage in philosophical debates or discussions?","DataVisibility":{"Private":false,"Hidden":false}}},{"SurveyID":"SV_bm6UCICkyrODeBg","Element":"SQ","PrimaryAttribute":"QID3","SecondaryAttribute":"Hello! I'm Marco, a researcher at the University of Hamburg. This survey aims to capture your vie...","TertiaryAttribute":null,"Payload":{"QuestionText":"Hello!<br>\n<br>\nI'm Marco, a researcher at the University of Hamburg. This survey aims to capture your viewpoints on politics, social matters, and ethics. You'll first tackle 10 agree\/disagree questions, then have a 5 minute chat with Diotima, an AI Chatbot, about one of your beliefs. To wrap up, you'll answer a few questions about your chatbot experience and yourself.<br>\n<br>\nThis data is for research purposes. Feel free to contact me with questions or comments at marco.meyer@uni-hamburg.de.<br>\n<br>\nThanks for participating!<br>\n<br>\nMarco<br>","DefaultChoices":false,"DataExportTag":"Q1","QuestionID":"QID3","QuestionType":"DB","Selector":"TB","DataVisibility":{"Private":false,"Hidden":false},"Configuration":{"QuestionDescriptionOption":"UseText"},"QuestionDescription":"Hello! I'm Marco, a researcher at the University of Hamburg. This survey aims to capture your vie...","ChoiceOrder":[],"Validation":{"Settings":{"Type":"None"}},"GradingData":[],"Language":[],"NextChoiceId":3,"NextAnswerId":1,"QuestionText_Unsafe":"Hello!<br>\n<br>\nI'm Marco, a researcher at the University of Hamburg. This survey aims to capture your viewpoints on politics, social matters, and ethics. You'll first tackle 10 agree\/disagree questions, then have a 5 minute chat with Diotima, an AI Chatbot, about one of your beliefs. To wrap up, you'll answer a few questions about your chatbot experience and yourself.<br>\n<br>\nThis data is for research purposes. Feel free to contact me with questions or comments at marco.meyer@uni-hamburg.de.<br>\n<br>\nThanks for participating!<br>\n<br>\nMarco<br>"}},{"SurveyID":"SV_bm6UCICkyrODeBg","Element":"SQ","PrimaryAttribute":"QID9","SecondaryAttribute":"How often do you interact with AI chatbots or virtual assistants?","TertiaryAttribute":null,"Payload":{"QuestionText":"How often do you interact with AI chatbots or virtual assistants?","DefaultChoices":false,"DataExportTag":"Q11","QuestionType":"MC","Selector":"SAVR","SubSelector":"TX","Configuration":{"QuestionDescriptionOption":"UseText"},"QuestionDescription":"How often do you interact with AI chatbots or virtual assistants?","Choices":{"1":{"Display":"Daily"},"2":{"Display":"Weekly"},"3":{"Display":"Monthly"},"4":{"Display":"Rarely"},"5":{"Display":"Never"}},"ChoiceOrder":[1,2,3,4,5],"Validation":{"Settings":{"ForceResponse":"ON","ForceResponseType":"ON","Type":"None"}},"GradingData":[],"Language":[],"NextChoiceId":6,"NextAnswerId":1,"QuestionID":"QID9","QuestionText_Unsafe":"How often do you interact with AI chatbots or virtual assistants?","DataVisibility":{"Private":false,"Hidden":false}}},{"SurveyID":"SV_bm6UCICkyrODeBg","Element":"SQ","PrimaryAttribute":"QID7","SecondaryAttribute":"How old are you?","TertiaryAttribute":null,"Payload":{"QuestionText":"How old are you?<br>","DefaultChoices":false,"DataExportTag":"Q9","QuestionType":"MC","Selector":"SAVR","SubSelector":"TX","Configuration":{"QuestionDescriptionOption":"UseText","Autoscale":{"YScale":{"Name":"age","Type":"likert","Reverse":false}}},"QuestionDescription":"How old are you?","Choices":{"1":{"Display":"Under 18"},"2":{"Display":"18 - 24"},"3":{"Display":"25 - 34"},"4":{"Display":"35 - 44"},"5":{"Display":"45 - 54"},"6":{"Display":"55 - 64"},"7":{"Display":"65 - 74"},"8":{"Display":"75 - 84"},"9":{"Display":"85 or older"}},"ChoiceOrder":[1,2,3,4,5,6,7,8,9],"Validation":{"Settings":{"ForceResponse":"ON","ForceResponseType":"ON","Type":"None"}},"GradingData":[],"Language":[],"NextChoiceId":10,"NextAnswerId":1,"QuestionID":"QID7","QuestionText_Unsafe":"How old are you?<br>","DataVisibility":{"Private":false,"Hidden":false}}},{"SurveyID":"SV_bm6UCICkyrODeBg","Element":"SQ","PrimaryAttribute":"QID1","SecondaryAttribute":"On a scale from 1-10, to what extent to you agree with the following statement? ${lm:\/\/Field\/2}.","TertiaryAttribute":null,"Payload":{"QuestionText":"On a scale from 1-10, to what extent to you agree with the following statement?<br>\n<br>\n<strong>${lm:\/\/Field\/2}.<\/strong>","DataExportTag":"Q4","QuestionType":"MC","Selector":"SAHR","SubSelector":"TX","Configuration":{"QuestionDescriptionOption":"UseText","LabelPosition":"BELOW"},"QuestionDescription":"On a scale from 1-10, to what extent to you agree with the following statement? ${lm:\/\/Field\/2}.","Choices":{"1":{"Display":"1 Completely disagree"},"2":{"Display":"2"},"3":{"Display":"3"},"4":{"Display":"4"},"5":{"Display":"5"},"6":{"Display":"6"},"7":{"Display":"7"},"8":{"Display":"8"},"9":{"Display":"9"},"10":{"Display":"10 Completely agree"}},"ChoiceOrder":[1,2,3,4,5,6,7,8,9,10],"Validation":{"Settings":{"ForceResponse":"ON","ForceResponseType":"ON","Type":"None"}},"Language":[],"NextChoiceId":11,"NextAnswerId":1,"QuestionID":"QID1","DataVisibility":{"Private":false,"Hidden":false},"QuestionJS":"Qualtrics.SurveyEngine.addOnPageSubmit(function() {\n  \n  \/\/ Extract strong text from HTML string\n  const extractStrongText = input => (input.match(\/<strong>(.*?)<\\\/strong>\/) || [\"\", \"No strong text found.\"])[1];\n  \n  \/\/ Get absolute distance between two numbers\n  const delta = (a, b) => Math.abs(a - b);\n\n  \/\/ Retrieve and parse existing embedded data\n  let currentQuestionName = Qualtrics.SurveyEngine.getJSEmbeddedData('questionName');\n  let currentRecodeValue = parseInt(Qualtrics.SurveyEngine.getJSEmbeddedData('recodeValue'), 10);\n\n  \/\/ Obtain question content and selected choice\n  const questionContent = this.getQuestionTextContainer().innerHTML;\n  const processedContent = extractStrongText(questionContent);\n  const choiceAsInt = parseInt(this.getSelectedChoices()[0], 10);\n\n  \/\/ Logic to update embedded data based on conditions\n  if (!currentQuestionName || \n      (delta(choiceAsInt, 8) < delta(currentRecodeValue, 8))) {\n    currentQuestionName = processedContent;\n    currentRecodeValue = choiceAsInt;\n    Qualtrics.SurveyEngine.setJSEmbeddedData('questionName', currentQuestionName);\n    Qualtrics.SurveyEngine.setJSEmbeddedData('recodeValue', currentRecodeValue);\n  }\n\n\tvar responseID = \"${e:\/\/Field\/ResponseID}\";\n\n  \/\/ Create the URL for the next question\n\tconst baseUrl = Math.random() < 0.5 ? \"https:\/\/streetgpt.streamlit.app\/\" : \"https:\/\/streetgpt2.streamlit.app\/\";\n\tconst finalURL = baseUrl + \"?password=Pilot2-10XQ8bSl&id=\" + responseID + \"&claim=\" + encodeURIComponent(currentQuestionName) + \"&credence=\" + currentRecodeValue;\n\n  Qualtrics.SurveyEngine.setJSEmbeddedData('constructedURL', finalURL);\n});","QuestionText_Unsafe":"On a scale from 1-10, to what extent to you agree with the following statement?<br>\n<br>\n<strong>${lm:\/\/Field\/2}.<\/strong>"}},{"SurveyID":"SV_bm6UCICkyrODeBg","Element":"SQ","PrimaryAttribute":"QID13","SecondaryAttribute":"Thank you for your participation! Please click next and then submit, then you'll be redirected to...","TertiaryAttribute":null,"Payload":{"QuestionText":"Thank you for your participation! Please click next and then submit, then you'll be redirected to Prolific and your response will be recorded.","DefaultChoices":false,"DataExportTag":"Q13","QuestionID":"QID13","QuestionType":"DB","Selector":"TB","Configuration":{"QuestionDescriptionOption":"UseText"},"QuestionDescription":"Thank you for your participation! Please click next and then submit, then you'll be redirected to...","ChoiceOrder":[],"Validation":{"Settings":{"Type":"None"}},"GradingData":[],"Language":[],"NextChoiceId":4,"NextAnswerId":1}},{"SurveyID":"SV_bm6UCICkyrODeBg","Element":"SQ","PrimaryAttribute":"QID2","SecondaryAttribute":"Thanks for sharing your thoughts. You rated your agreement with \"STATEMENT\" as CREDENCE on a 0-10...","TertiaryAttribute":null,"Payload":{"QuestionText":"Thanks for sharing your thoughts. You rated your agreement with \"STATEMENT\" as CREDENCE on a 0-10 scale. <br><br>Please click the link below to chat briefly with Diotima, an AI Chatbot, about this belief. This typically takes 5 minutes. Once done, you'll receive a code from Diotima. Enter that code in the textbox below before moving on.<br>&nbsp; &nbsp;<br>LINK<br><br>Enter the Code here:<br>","QuestionJS":"Qualtrics.SurveyEngine.addOnload(function()\n{\n    \/\/ Get the current question text container and its HTML content\n    var questionTextContainer = this.getQuestionTextContainer();\n    var currentQuestionText = questionTextContainer.innerHTML;\n\n    \/\/ Get the embedded data fields\n    var constructedURL = Qualtrics.SurveyEngine.getJSEmbeddedData('constructedURL');\n    var questionName = Qualtrics.SurveyEngine.getJSEmbeddedData('questionName');\n    var recodeValue = Qualtrics.SurveyEngine.getJSEmbeddedData('recodeValue');\n\n    \/\/ Create an HTML anchor element for the URL\n    var linkHTML = '<a href=\"' + constructedURL + '\" target=\"_blank\">Click here to proceed to conversation<\/a>';\n\n    \/\/ Replace placeholders in the question text\n    var updatedQuestionText = currentQuestionText.replace('LINK', linkHTML)\n                                                 .replace('STATEMENT', questionName)\n                                                 .replace('CREDENCE', recodeValue);\n\n    \/\/ Update the question text container with the revised text\n    questionTextContainer.innerHTML = updatedQuestionText;\n});","DefaultChoices":false,"DataExportTag":"Q5","QuestionID":"QID2","QuestionType":"TE","Selector":"SL","DataVisibility":{"Private":false,"Hidden":false},"Configuration":{"QuestionDescriptionOption":"UseText","InputWidth":265,"InputHeight":29},"QuestionDescription":"Thanks for sharing your thoughts. You rated your agreement with \"STATEMENT\" as CREDENCE on a 0-10...","Validation":{"Settings":{"ForceResponse":"ON","ForceResponseType":"ON","Type":"None"}},"GradingData":[],"Language":[],"NextChoiceId":7,"NextAnswerId":1,"SearchSource":{"AllowFreeResponse":"false"},"QuestionText_Unsafe":"Thanks for sharing your thoughts. You rated your agreement with \"STATEMENT\" as CREDENCE on a 0-10 scale. <br><br>Please click the link below to chat briefly with Diotima, an AI Chatbot, about this belief. This typically takes 5 minutes. Once done, you'll receive a code from Diotima. Enter that code in the textbox below before moving on.<br>&nbsp; &nbsp;<br>LINK<br><br>Enter the Code here:<br>"}},{"SurveyID":"SV_bm6UCICkyrODeBg","Element":"SQ","PrimaryAttribute":"QID4","SecondaryAttribute":"To what extent do you agree with the following statement about your interaction with Diotima? ...","TertiaryAttribute":null,"Payload":{"QuestionText":"To what extent do you agree with the following statement about your interaction with Diotima?<br \/>\n<br \/>\n<strong>${lm:\/\/Field\/1}<\/strong><br \/>\n&nbsp;","DefaultChoices":false,"DataExportTag":"Q6","QuestionType":"MC","Selector":"SAHR","SubSelector":"TX","Configuration":{"QuestionDescriptionOption":"UseText","LabelPosition":"BELOW","Autoscale":{"YScale":{"Name":"agreeDisagree","Type":"category","Reverse":false}}},"QuestionDescription":"To what extent do you agree with the following statement about your interaction with Diotima? ...","Choices":{"1":{"Display":"Strongly disagree"},"2":{"Display":"&nbsp;"},"3":{"Display":"&nbsp;"},"4":{"Display":"&nbsp;"},"5":{"Display":"Strongly agree"}},"ChoiceOrder":[1,2,3,4,5],"Validation":{"Settings":{"ForceResponse":"ON","ForceResponseType":"ON","Type":"None"}},"GradingData":[],"Language":[],"NextChoiceId":6,"NextAnswerId":1,"QuestionID":"QID4","DataVisibility":{"Private":false,"Hidden":false},"QuestionText_Unsafe":"To what extent do you agree with the following statement about your interaction with Diotima?<br \/>\n<br \/>\n<strong>${lm:\/\/Field\/1}<\/strong><br \/>\n&nbsp;"}},{"SurveyID":"SV_bm6UCICkyrODeBg","Element":"SQ","PrimaryAttribute":"QID14","SecondaryAttribute":"To which political group do you feel you most closely aligned?","TertiaryAttribute":null,"Payload":{"QuestionText":"To which political group do you feel you most closely aligned?","DataExportTag":"Q14","QuestionType":"MC","Selector":"SAVR","SubSelector":"TX","Configuration":{"QuestionDescriptionOption":"UseText"},"QuestionDescription":"To which political group do you feel you most closely aligned?","Choices":{"4":{"Display":"Strongly Democrat"},"5":{"Display":"Lean Democrat"},"6":{"Display":"Centrist \/ Moderate"},"7":{"Display":"Centrist \/ Moderate"},"8":{"Display":"Centrist \/ Moderate"},"9":{"Display":"Prefer not to say"}},"ChoiceOrder":["4","5","6","7","8","9"],"Validation":{"Settings":{"ForceResponse":"ON","ForceResponseType":"ON","Type":"None"}},"Language":[],"NextChoiceId":10,"NextAnswerId":1,"QuestionID":"QID14","RecodeValues":{"4":"1","5":"2","6":"3","7":"4","8":"5","9":"-99"}}},{"SurveyID":"SV_bm6UCICkyrODeBg","Element":"SQ","PrimaryAttribute":"QID6","SecondaryAttribute":"What is your gender?","TertiaryAttribute":null,"Payload":{"QuestionText":"What is your gender?","DefaultChoices":false,"DataExportTag":"Q8","QuestionType":"MC","Selector":"SAVR","SubSelector":"TX","Configuration":{"QuestionDescriptionOption":"UseText","Autoscale":{"YScale":{"Name":"maleFemale","Type":"likert","Reverse":false}}},"QuestionDescription":"What is your gender?","Choices":{"1":{"Display":"Male"},"2":{"Display":"Female"},"3":{"Display":"Non-binary \/ third gender"},"4":{"Display":"Prefer not to say"}},"ChoiceOrder":["1","2","3","4"],"Validation":{"Settings":{"ForceResponse":"ON","ForceResponseType":"ON","Type":"None"}},"GradingData":[],"Language":[],"NextChoiceId":5,"NextAnswerId":1,"QuestionID":"QID6","QuestionText_Unsafe":"What is your gender?","DataVisibility":{"Private":false,"Hidden":false},"RecodeValues":{"1":"1","2":"2","3":"3","4":"-99"}}},{"SurveyID":"SV_bm6UCICkyrODeBg","Element":"SQ","PrimaryAttribute":"QID8","SecondaryAttribute":"What is your highest level of educational attainment?","TertiaryAttribute":null,"Payload":{"QuestionText":"What is your highest level of educational attainment?","DefaultChoices":false,"DataExportTag":"Q10","QuestionType":"MC","Selector":"SAVR","SubSelector":"TX","Configuration":{"QuestionDescriptionOption":"UseText","Autoscale":{"YScale":{"Name":"education","Type":"likert","Reverse":false}}},"QuestionDescription":"What is your highest level of educational attainment?","Choices":{"1":{"Display":"Less than high school"},"2":{"Display":"High school graduate"},"3":{"Display":"Some college"},"4":{"Display":"2 year degree"},"5":{"Display":"4 year degree"},"6":{"Display":"Professional degree"},"7":{"Display":"Doctorate"}},"ChoiceOrder":[1,2,3,4,5,6,7],"Validation":{"Settings":{"ForceResponse":"OFF","Type":"None"}},"GradingData":[],"Language":[],"NextChoiceId":8,"NextAnswerId":1,"QuestionID":"QID8","QuestionText_Unsafe":"What is your highest level of educational attainment?"}},{"SurveyID":"SV_bm6UCICkyrODeBg","Element":"SQ","PrimaryAttribute":"QID12","SecondaryAttribute":"What is your Prolific ID? Please note that this response should auto-fill with the correct ID","TertiaryAttribute":null,"Payload":{"QuestionText":"What is your Prolific ID? <br>Please note that this response should auto-fill with the correct ID","DefaultChoices":{"TEXT":{"Text":"${e:\/\/Field\/PROLIFIC_PID}"}},"DataExportTag":"Q3","QuestionType":"TE","Selector":"SL","Configuration":{"QuestionDescriptionOption":"UseText"},"QuestionDescription":"What is your Prolific ID? Please note that this response should auto-fill with the correct ID","Validation":{"Settings":{"ForceResponse":"ON","ForceResponseType":"ON","Type":"None"}},"GradingData":[],"Language":[],"NextChoiceId":4,"NextAnswerId":1,"SearchSource":{"AllowFreeResponse":"false"},"QuestionID":"QID12","DataVisibility":{"Private":false,"Hidden":false},"QuestionText_Unsafe":"What is your Prolific ID? <br>Please note that this response should auto-fill with the correct ID"}}]}