{"SurveyEntry":{"SurveyID":"SV_7P71SuKrlqqDiWq","SurveyName":"Miami Pilot","SurveyDescription":null,"SurveyOwnerID":"UR_2foe46PJPSibYhL","SurveyBrandID":"rug","DivisionID":null,"SurveyLanguage":"EN","SurveyActiveResponseSet":"RS_0eSb1gz6OuKAb2K","SurveyStatus":"Active","SurveyStartDate":"0000-00-00 00:00:00","SurveyExpirationDate":"0000-00-00 00:00:00","SurveyCreationDate":"2023-09-13 09:29:19","CreatorID":"UR_2foe46PJPSibYhL","LastModified":"2023-09-14 02:53:46","LastAccessed":"0000-00-00 00:00:00","LastActivated":"2023-09-13 09:49:28","Deleted":null},"SurveyElements":[{"SurveyID":"SV_7P71SuKrlqqDiWq","Element":"BL","PrimaryAttribute":"Survey Blocks","SecondaryAttribute":null,"TertiaryAttribute":null,"Payload":{"0":{"Type":"Default","Description":"Conspiracy Questions","ID":"BL_0Jr2gy8CJBnF166","BlockElements":[{"Type":"Question","QuestionID":"QID1"}],"Options":{"BlockLocking":"false","RandomizeQuestions":"false","Looping":"Static","LoopingOptions":{"Static":{"1":{"1":"statement1","2":"Humans have made contact with aliens and this fact has been deliberately hidden from the public"},"2":{"1":"statement2","2":"The dangers of vaccines are being hidden by the medical establishment"},"3":{"1":"statement3","2":"The dangers of genetically-modified foods are being hidden from the public"},"4":{"1":"statement4","2":"Climate change is a hoax perpetrated by corrupt scientists and politicians"},"5":{"1":"statement5","2":"The 1% of the richest people secretly control the entire American government and economy"},"6":{"1":"statement6","2":"There is a \u201cdeep state\u201d embedded in the government that operates in secret and without oversight"},"7":{"1":"statement7","2":"Elites, from government and Hollywood, are engaged in a massive child sex trafficking racket"},"8":{"1":"statement8","2":"Joe Biden won the presidential election through voter fraud"},"9":{"1":"statement9","2":"Lizardmen are running the earth"},"10":{"1":"statement10","2":"Republicans won the presidential elections in 2016, 2004, and 2000 by stealing them"}},"Randomization":"All"}}},"1":{"Type":"Trash","Description":"Trash \/ Unused Questions","ID":"BL_29NvHI3wmLhv8uG","BlockElements":[{"Type":"Question","QuestionID":"QID5"},{"Type":"Question","QuestionID":"QID13"},{"Type":"Question","QuestionID":"QID17"},{"Type":"Question","QuestionID":"QID9"},{"Type":"Question","QuestionID":"QID10"}]},"2":{"Type":"Standard","SubType":"","Description":"Diotima","ID":"BL_cUPEXIuWw4cuHdA","BlockElements":[{"Type":"Question","QuestionID":"QID2"}]},"3":{"Type":"Standard","SubType":"","Description":"Welcome","ID":"BL_7V4958eIjbbcrFY","BlockElements":[{"Type":"Question","QuestionID":"QID3"}]},"4":{"Type":"Standard","SubType":"","Description":"EVS","ID":"BL_06ydFkA1gAbRe06","BlockElements":[{"Type":"Question","QuestionID":"QID4"}],"Options":{"BlockLocking":"false","RandomizeQuestions":"false","Looping":"Static","LoopingOptions":{"Static":{"1":{"1":"I am not very interested in understanding things.","2":""},"2":{"1":"I am not so interested in the reasons why.","2":""},"3":{"1":"I am not particularly curious to learn new things.","2":""},"4":{"1":"I do not much enjoy gaining knowledge.","2":""},"5":{"1":"It\u2019s more important to have a stable worldview than to be open-minded.","2":""},"6":{"1":"I make up my mind without much fuss about the many factors that may affect an issue.","2":""},"7":{"1":"I tend to make decisions based on my gut feeling.","2":""},"8":{"1":"I tend to be too confident in my opinions.","2":""},"9":{"1":"I often have strong opinions about issues I don\u2019t know much about.","2":""},"10":{"1":"I tend to feel sure about my views even if I don\u2019t have much evidence.","2":""}},"Randomization":"All"}}},"6":{"Type":"Standard","SubType":"","Description":"Demographics","ID":"BL_bPCD681qxX8Jvsa","BlockElements":[{"Type":"Question","QuestionID":"QID6"},{"Type":"Page Break"},{"Type":"Question","QuestionID":"QID14"},{"Type":"Page Break"},{"Type":"Question","QuestionID":"QID7"},{"Type":"Page Break"},{"Type":"Question","QuestionID":"QID8"}]},"7":{"Type":"Standard","SubType":"","Description":"Consent","ID":"BL_2rct0oPjqUL9hCC","BlockElements":[{"Type":"Question","QuestionID":"QID11"}]},"8":{"Type":"Standard","SubType":"","Description":"Prolific ID","ID":"BL_9LhmijcBKUsrJDU","BlockElements":[{"Type":"Question","QuestionID":"QID12"}]},"9":{"Type":"Standard","SubType":"","Description":"Importance","ID":"BL_bluiEf5d5P3eDUa","BlockElements":[{"Type":"Question","QuestionID":"QID18"}]},"10":{"Type":"Standard","SubType":"","Description":"Reasons","ID":"BL_b9tJbompDA3mAv4","BlockElements":[{"Type":"Question","QuestionID":"QID16"}]},"11":{"Type":"Standard","SubType":"","Description":"NegReasons","ID":"BL_bClELThZoq1TD0y","BlockElements":[{"Type":"Question","QuestionID":"QID15"}]},"12":{"Type":"Standard","SubType":"","Description":"Credence_post","ID":"BL_bvljNU0iwx1RGCO","BlockElements":[{"Type":"Question","QuestionID":"QID19"}]},"13":{"Type":"Standard","SubType":"","Description":"Feedback","ID":"BL_5n0px1RKDGpONW6","BlockElements":[{"Type":"Question","QuestionID":"QID20"}]}}},{"SurveyID":"SV_7P71SuKrlqqDiWq","Element":"FL","PrimaryAttribute":"Survey Flow","SecondaryAttribute":null,"TertiaryAttribute":null,"Payload":{"Type":"Root","FlowID":"FL_1","Flow":[{"Type":"EmbeddedData","FlowID":"FL_4","EmbeddedData":[{"Description":"__js_questionName","Type":"Recipient","Field":"__js_questionName","VariableType":"String","DataVisibility":[],"AnalyzeText":false},{"Description":"__js_recodeValue","Type":"Recipient","Field":"__js_recodeValue","VariableType":"Scale","DataVisibility":[]},{"Description":"__js_constructedURL","Type":"Recipient","Field":"__js_constructedURL","VariableType":"String","DataVisibility":[],"AnalyzeText":false},{"Description":"PROLIFIC_PID","Type":"Recipient","Field":"PROLIFIC_PID","VariableType":"String","DataVisibility":[],"AnalyzeText":false}]},{"Type":"Standard","ID":"BL_7V4958eIjbbcrFY","FlowID":"FL_6","Autofill":[]},{"Type":"Standard","ID":"BL_2rct0oPjqUL9hCC","FlowID":"FL_12","Autofill":[]},{"Type":"Branch","FlowID":"FL_10","Description":"New Branch","BranchLogic":{"0":{"0":{"LogicType":"Question","QuestionID":"QID11","QuestionIsInLoop":"no","ChoiceLocator":"q:\/\/QID11\/SelectableChoice\/1","Operator":"Selected","QuestionIDFromLocator":"QID11","LeftOperand":"q:\/\/QID11\/SelectableChoice\/1","Type":"Expression","Description":"<span class=\"ConjDesc\">If<\/span> <span class=\"QuestionDesc\">Consent Form Researcher: Marco Meyer Affiliation: University of Hamburg Contact: marco.meyer@uni-...<\/span> <span class=\"LeftOpDesc\">I do not agree<\/span> <span class=\"OpDesc\">Is Selected<\/span> "},"Type":"If"},"Type":"BooleanExpression"},"Flow":[{"Type":"EndSurvey","FlowID":"FL_11","EndingType":"Advanced","Options":{"Advanced":"true","SurveyTermination":"DisplayMessage","EOSMessageLibrary":"UR_73Zes2jn5Qcrl0V","EOSMessage":"MS_PcClPryqVDWywYy"}}]},{"Type":"Standard","ID":"BL_9LhmijcBKUsrJDU","FlowID":"FL_14","Autofill":[]},{"Type":"Block","ID":"BL_0Jr2gy8CJBnF166","FlowID":"FL_2","Autofill":[]},{"Type":"Standard","ID":"BL_bluiEf5d5P3eDUa","FlowID":"FL_18","Autofill":[]},{"Type":"BlockRandomizer","FlowID":"FL_21","SubSet":1,"EvenPresentation":true,"Flow":[{"Type":"Standard","ID":"BL_cUPEXIuWw4cuHdA","FlowID":"FL_5","Autofill":[]},{"Type":"Standard","ID":"BL_bClELThZoq1TD0y","FlowID":"FL_20","Autofill":[]},{"Type":"Standard","ID":"BL_b9tJbompDA3mAv4","FlowID":"FL_19","Autofill":[]}]},{"Type":"Standard","ID":"BL_bvljNU0iwx1RGCO","FlowID":"FL_22","Autofill":[]},{"Type":"Standard","ID":"BL_06ydFkA1gAbRe06","FlowID":"FL_7","Autofill":[]},{"Type":"Standard","ID":"BL_bPCD681qxX8Jvsa","FlowID":"FL_9","Autofill":[]},{"Type":"Standard","ID":"BL_5n0px1RKDGpONW6","FlowID":"FL_23","Autofill":[]},{"Type":"EndSurvey","FlowID":"FL_15","EndingType":"Advanced","Options":{"Advanced":"true","SurveyTermination":"Redirect","EOSRedirectURL":"https:\/\/app.prolific.co\/submissions\/complete?cc=CNB6UQSH"}}],"Properties":{"Count":23,"RemovedFieldsets":[]}}},{"SurveyID":"SV_7P71SuKrlqqDiWq","Element":"PL","PrimaryAttribute":"Preview Link","SecondaryAttribute":null,"TertiaryAttribute":null,"Payload":{"PreviewType":"Brand","PreviewID":"3b369742-4e32-48f2-ad2d-6e73260db6b3"}},{"SurveyID":"SV_7P71SuKrlqqDiWq","Element":"RS","PrimaryAttribute":"RS_0eSb1gz6OuKAb2K","SecondaryAttribute":null,"TertiaryAttribute":null,"Payload":null},{"SurveyID":"SV_7P71SuKrlqqDiWq","Element":"SO","PrimaryAttribute":"Survey Options","SecondaryAttribute":null,"TertiaryAttribute":null,"Payload":{"BackButton":"false","SaveAndContinue":"true","SurveyProtection":"PublicSurvey","BallotBoxStuffingPrevention":"false","NoIndex":"Yes","SecureResponseFiles":"true","SurveyExpiration":"None","SurveyTermination":"DefaultMessage","Header":"","Footer":"","ProgressBarDisplay":"None","PartialData":"+1 week","ValidationMessage":null,"PreviousButton":"","NextButton":"","SurveyTitle":"Qualtrics Survey | Qualtrics Experience Management","SkinLibrary":"principiaadvisory","SkinType":"component","Skin":{"brandingId":null,"templateId":"*simple","overrides":null},"NewScoring":1,"SurveyMetaDescription":"The most powerful, simple and trusted way to gather experience data. Start your journey to experience management and try a free account today.","CustomStyles":[],"Autoadvance":"true","AutoadvancePages":"true","EOSMessage":null,"ShowExportTags":"false","CollectGeoLocation":"false","PasswordProtection":"No","AnonymizeResponse":"No","RefererCheck":"No","BallotBoxStuffingPreventionBehavior":null,"BallotBoxStuffingPreventionMessage":null,"BallotBoxStuffingPreventionMessageLibrary":null,"BallotBoxStuffingPreventionURL":null,"RecaptchaV3":"false","ConfirmStart":false,"AutoConfirmStart":false,"RelevantID":"false","RelevantIDLockoutPeriod":"+30 days","UseCustomSurveyLinkCompletedMessage":null,"SurveyLinkCompletedMessage":null,"SurveyLinkCompletedMessageLibrary":null,"ResponseSummary":"No","EOSMessageLibrary":null,"EOSRedirectURL":null,"EmailThankYou":"false","ThankYouEmailMessageLibrary":null,"ThankYouEmailMessage":null,"ValidateMessage":"false","ValidationMessageLibrary":null,"InactiveSurvey":"DefaultMessage","PartialDeletion":null,"PartialDataCloseAfter":"LastActivity","InactiveMessageLibrary":null,"InactiveMessage":null,"AvailableLanguages":{"EN":[]},"ProtectSelectionIds":true,"SurveyName":"Miami Pilot"}},{"SurveyID":"SV_7P71SuKrlqqDiWq","Element":"SCO","PrimaryAttribute":"Scoring","SecondaryAttribute":null,"TertiaryAttribute":null,"Payload":{"ScoringCategories":[],"ScoringCategoryGroups":[],"ScoringSummaryCategory":null,"ScoringSummaryAfterQuestions":0,"ScoringSummaryAfterSurvey":0,"DefaultScoringCategory":null,"AutoScoringCategory":null}},{"SurveyID":"SV_7P71SuKrlqqDiWq","Element":"PROJ","PrimaryAttribute":"CORE","SecondaryAttribute":null,"TertiaryAttribute":"1.1.0","Payload":{"ProjectCategory":"CORE","SchemaVersion":"1.1.0"}},{"SurveyID":"SV_7P71SuKrlqqDiWq","Element":"STAT","PrimaryAttribute":"Survey Statistics","SecondaryAttribute":null,"TertiaryAttribute":null,"Payload":{"MobileCompatible":false,"ID":"Survey Statistics"}},{"SurveyID":"SV_7P71SuKrlqqDiWq","Element":"QC","PrimaryAttribute":"Survey Question Count","SecondaryAttribute":"20","TertiaryAttribute":null,"Payload":null},{"SurveyID":"SV_7P71SuKrlqqDiWq","Element":"SQ","PrimaryAttribute":"QID5","SecondaryAttribute":"Any other feedback you would like to share?","TertiaryAttribute":null,"Payload":{"QuestionText":"Any other feedback you would like to share?","DefaultChoices":false,"DataExportTag":"Q7","QuestionType":"TE","Selector":"ESTB","Configuration":{"QuestionDescriptionOption":"UseText","InputWidth":581,"InputHeight":124},"QuestionDescription":"Any other feedback you would like to share?","Validation":{"Settings":{"ForceResponse":"OFF","Type":"None"}},"GradingData":[],"Language":[],"NextChoiceId":4,"NextAnswerId":1,"SearchSource":{"AllowFreeResponse":"false"},"QuestionID":"QID5","QuestionText_Unsafe":"Any other feedback you would like to share?"}},{"SurveyID":"SV_7P71SuKrlqqDiWq","Element":"SQ","PrimaryAttribute":"QID17","SecondaryAttribute":"Click to write the question text","TertiaryAttribute":null,"Payload":{"QuestionText":"Click to write the question text","DefaultChoices":false,"DataExportTag":"Q17","QuestionType":"MC","Selector":"SAVR","SubSelector":"TX","Configuration":{"QuestionDescriptionOption":"UseText"},"QuestionDescription":"Click to write the question text","Choices":{"1":{"Display":"Click to write Choice 1"},"2":{"Display":"Click to write Choice 2"},"3":{"Display":"Click to write Choice 3"}},"ChoiceOrder":["1","2","3"],"Validation":{"Settings":{"ForceResponse":"OFF","Type":"None"}},"GradingData":[],"Language":[],"NextChoiceId":4,"NextAnswerId":1,"QuestionID":"QID17"}},{"SurveyID":"SV_7P71SuKrlqqDiWq","Element":"SQ","PrimaryAttribute":"QID11","SecondaryAttribute":"Consent Form Researcher: Marco Meyer Affiliation: University of Hamburg Contact: marco.meyer@uni-...","TertiaryAttribute":null,"Payload":{"QuestionText":"<strong>Consent Form<\/strong><br \/>\n<br \/>\n<strong>Researcher<\/strong>: Marco Meyer<br \/>\n<strong>Affiliation:<\/strong> University of Hamburg<br \/>\n<strong>Contact:<\/strong> marco.meyer@uni-hamburg.de<br \/>\n<br \/>\n<strong>Purpose of the Study: <\/strong>&nbsp;This study aims to explore your perspectives on politics, social issues, and ethics. You will be asked to answer 10 agree\/disagree questions, engage in a 5-minute conversation with Diotima, an AI chatbot, about one of your beliefs, and finally, provide feedback on your experience and some demographic information.<br \/>\n<br \/>\n<strong>Participation: <\/strong>Your participation in this study is entirely voluntary. You can withdraw from the study at any point without any repercussions.<br \/>\n<br \/>\n<strong>Confidentiality:<\/strong>&nbsp;All responses are confidential and will only be used for research purposes. The data will be stored securely and only accessible by the research team.<br \/>\n<br \/>\n<strong>Data Use:<\/strong> The data collected will be used exclusively for academic research and may be published in academic journals or presented at conferences. Your individual responses will not be identified in any publications.<br \/>\n<br \/>\n<strong>Consent:<\/strong> By clicking &quot;I Agree&quot; below, you confirm that you have read the above information and voluntarily agree to participate in this research study.","DefaultChoices":false,"DataExportTag":"Q2","QuestionType":"MC","Selector":"SAHR","SubSelector":"TX","DataVisibility":{"Private":false,"Hidden":false},"Configuration":{"QuestionDescriptionOption":"UseText","Autoscale":{"YScale":{"Name":"yesNo","Type":"likert","Reverse":false}},"LabelPosition":"BELOW"},"QuestionDescription":"Consent Form Researcher: Marco Meyer Affiliation: University of Hamburg Contact: marco.meyer@uni-...","Choices":{"1":{"Display":"I do not agree"},"2":{"Display":"I agree"}},"ChoiceOrder":[1,2],"Validation":{"Settings":{"ForceResponse":"ON","ForceResponseType":"ON","Type":"None"}},"GradingData":[],"Language":[],"NextChoiceId":3,"NextAnswerId":1,"QuestionID":"QID11","QuestionText_Unsafe":"<strong>Consent Form<\/strong><br \/>\n<br \/>\n<strong>Researcher<\/strong>: Marco Meyer<br \/>\n<strong>Affiliation:<\/strong> University of Hamburg<br \/>\n<strong>Contact:<\/strong> marco.meyer@uni-hamburg.de<br \/>\n<br \/>\n<strong>Purpose of the Study: <\/strong>&nbsp;This study aims to explore your perspectives on politics, social issues, and ethics. You will be asked to answer 10 agree\/disagree questions, engage in a 5-minute conversation with Diotima, an AI chatbot, about one of your beliefs, and finally, provide feedback on your experience and some demographic information.<br \/>\n<br \/>\n<strong>Participation: <\/strong>Your participation in this study is entirely voluntary. You can withdraw from the study at any point without any repercussions.<br \/>\n<br \/>\n<strong>Confidentiality:<\/strong>&nbsp;All responses are confidential and will only be used for research purposes. The data will be stored securely and only accessible by the research team.<br \/>\n<br \/>\n<strong>Data Use:<\/strong> The data collected will be used exclusively for academic research and may be published in academic journals or presented at conferences. Your individual responses will not be identified in any publications.<br \/>\n<br \/>\n<strong>Consent:<\/strong> By clicking &quot;I Agree&quot; below, you confirm that you have read the above information and voluntarily agree to participate in this research study."}},{"SurveyID":"SV_7P71SuKrlqqDiWq","Element":"SQ","PrimaryAttribute":"QID10","SecondaryAttribute":"Do you regularly engage in philosophical debates or discussions?","TertiaryAttribute":null,"Payload":{"QuestionText":"Do you regularly engage in philosophical debates or discussions?","DefaultChoices":false,"DataExportTag":"Q12","QuestionType":"MC","Selector":"SAVR","SubSelector":"TX","Configuration":{"QuestionDescriptionOption":"UseText"},"QuestionDescription":"Do you regularly engage in philosophical debates or discussions?","Choices":{"1":{"Display":"Never"},"2":{"Display":"Rarely"},"3":{"Display":"Sometimes"},"4":{"Display":"Often"}},"ChoiceOrder":[1,2,3,4],"Validation":{"Settings":{"ForceResponse":"ON","ForceResponseType":"ON","Type":"None"}},"GradingData":[],"Language":[],"NextChoiceId":5,"NextAnswerId":1,"QuestionID":"QID10","QuestionText_Unsafe":"Do you regularly engage in philosophical debates or discussions?","DataVisibility":{"Private":false,"Hidden":false}}},{"SurveyID":"SV_7P71SuKrlqqDiWq","Element":"SQ","PrimaryAttribute":"QID6","SecondaryAttribute":"Finally, some demographic questions. What is your gender?","TertiaryAttribute":null,"Payload":{"QuestionText":"Finally, some demographic questions.<br><br>What is your gender?","DefaultChoices":false,"DataExportTag":"gender","QuestionType":"MC","Selector":"SAVR","SubSelector":"TX","Configuration":{"QuestionDescriptionOption":"UseText","Autoscale":{"YScale":{"Name":"maleFemale","Type":"likert","Reverse":false}}},"QuestionDescription":"Finally, some demographic questions. What is your gender?","Choices":{"1":{"Display":"Male"},"2":{"Display":"Female"},"3":{"Display":"Non-binary \/ third gender"},"4":{"Display":"Prefer not to say"}},"ChoiceOrder":["1","2","3","4"],"Validation":{"Settings":{"ForceResponse":"ON","ForceResponseType":"ON","Type":"None"}},"GradingData":[],"Language":[],"NextChoiceId":5,"NextAnswerId":1,"QuestionID":"QID6","QuestionText_Unsafe":"What is your gender?","DataVisibility":{"Private":false,"Hidden":false},"RecodeValues":{"1":"1","2":"2","3":"3","4":"-99"}}},{"SurveyID":"SV_7P71SuKrlqqDiWq","Element":"SQ","PrimaryAttribute":"QID3","SecondaryAttribute":"Hello! I'm Marco, a researcher at the University of Hamburg. This survey aims to capture your vie...","TertiaryAttribute":null,"Payload":{"QuestionText":"Hello!<br>\n<br>\nI'm Marco, a researcher at the University of Hamburg. This survey aims to capture your viewpoints on politics, social matters, and ethics. You'll first tackle 10 agree\/disagree questions about your views, then reflect about one of these questions.&nbsp;<br>To wrap up, you'll answer a few questions about your approach to information experience and yourself.<br>\n<br>\nThis data is for research purposes. Feel free to contact me with questions or comments at marco.meyer@uni-hamburg.de.<br>\n<br>\nThanks for participating!<br>\n<br>\nMarco Meyer<br>","DefaultChoices":false,"DataExportTag":"Q1","QuestionID":"QID3","QuestionType":"DB","Selector":"TB","DataVisibility":{"Private":false,"Hidden":false},"Configuration":{"QuestionDescriptionOption":"UseText"},"QuestionDescription":"Hello! I'm Marco, a researcher at the University of Hamburg. This survey aims to capture your vie...","ChoiceOrder":[],"Validation":{"Settings":{"Type":"None"}},"GradingData":[],"Language":[],"NextChoiceId":3,"NextAnswerId":1,"QuestionText_Unsafe":"Hello!<br>\n<br>\nI'm Marco, a researcher at the University of Hamburg. This survey aims to capture your viewpoints on politics, social matters, and ethics. You'll first tackle 10 agree\/disagree questions, then have a 5 minute chat with Diotima, an AI Chatbot, about one of your beliefs. To wrap up, you'll answer a few questions about your chatbot experience and yourself.<br>\n<br>\nThis data is for research purposes. Feel free to contact me with questions or comments at marco.meyer@uni-hamburg.de.<br>\n<br>\nThanks for participating!<br>\n<br>\nMarco<br>"}},{"SurveyID":"SV_7P71SuKrlqqDiWq","Element":"SQ","PrimaryAttribute":"QID9","SecondaryAttribute":"How often do you interact with AI chatbots or virtual assistants?","TertiaryAttribute":null,"Payload":{"QuestionText":"How often do you interact with AI chatbots or virtual assistants?","DefaultChoices":false,"DataExportTag":"AI","QuestionType":"MC","Selector":"SAVR","SubSelector":"TX","Configuration":{"QuestionDescriptionOption":"UseText"},"QuestionDescription":"How often do you interact with AI chatbots or virtual assistants?","Choices":{"1":{"Display":"Daily"},"2":{"Display":"Weekly"},"3":{"Display":"Monthly"},"4":{"Display":"Rarely"},"5":{"Display":"Never"}},"ChoiceOrder":[1,2,3,4,5],"Validation":{"Settings":{"ForceResponse":"ON","ForceResponseType":"ON","Type":"None"}},"GradingData":[],"Language":[],"NextChoiceId":6,"NextAnswerId":1,"QuestionID":"QID9","QuestionText_Unsafe":"How often do you interact with AI chatbots or virtual assistants?","DataVisibility":{"Private":false,"Hidden":false}}},{"SurveyID":"SV_7P71SuKrlqqDiWq","Element":"SQ","PrimaryAttribute":"QID7","SecondaryAttribute":"How old are you?","TertiaryAttribute":null,"Payload":{"QuestionText":"How old are you?<br>","DefaultChoices":false,"DataExportTag":"age","QuestionType":"MC","Selector":"SAVR","SubSelector":"TX","Configuration":{"QuestionDescriptionOption":"UseText","Autoscale":{"YScale":{"Name":"age","Type":"likert","Reverse":false}}},"QuestionDescription":"How old are you?","Choices":{"1":{"Display":"Under 18"},"2":{"Display":"18 - 24"},"3":{"Display":"25 - 34"},"4":{"Display":"35 - 44"},"5":{"Display":"45 - 54"},"6":{"Display":"55 - 64"},"7":{"Display":"65 - 74"},"8":{"Display":"75 - 84"},"9":{"Display":"85 or older"}},"ChoiceOrder":[1,2,3,4,5,6,7,8,9],"Validation":{"Settings":{"ForceResponse":"ON","ForceResponseType":"ON","Type":"None"}},"GradingData":[],"Language":[],"NextChoiceId":10,"NextAnswerId":1,"QuestionID":"QID7","QuestionText_Unsafe":"How old are you?<br>","DataVisibility":{"Private":false,"Hidden":false}}},{"SurveyID":"SV_7P71SuKrlqqDiWq","Element":"SQ","PrimaryAttribute":"QID4","SecondaryAttribute":"Now we'd like to ask you about your views on knowledge and information.\u00a0 To what extent do you ag..","TertiaryAttribute":null,"Payload":{"QuestionText":"Now we'd like to ask you about your views on knowledge and information.&nbsp;<br><br>To what extent do you agree with the following statements?<br><br>\n<strong>${lm:\/\/Field\/1}<\/strong><br>\n&nbsp;","DefaultChoices":false,"DataExportTag":"EVS","QuestionType":"MC","Selector":"SAHR","SubSelector":"TX","Configuration":{"QuestionDescriptionOption":"UseText","LabelPosition":"BELOW","Autoscale":{"YScale":{"Name":"agreeDisagree","Type":"category","Reverse":false}}},"QuestionDescription":"Now we'd like to ask you about your views on knowledge and information.\u00a0 To what extent do you ag...","Choices":{"1":{"Display":"Strongly disagree"},"2":{"Display":"&nbsp;"},"3":{"Display":"&nbsp;"},"4":{"Display":"&nbsp;"},"5":{"Display":"Strongly agree"}},"ChoiceOrder":[1,2,3,4,5],"Validation":{"Settings":{"ForceResponse":"ON","ForceResponseType":"ON","Type":"None"}},"GradingData":[],"Language":[],"NextChoiceId":6,"NextAnswerId":1,"QuestionID":"QID4","DataVisibility":{"Private":false,"Hidden":false},"QuestionText_Unsafe":"To what extent do you agree with the following statement about your interaction with Diotima?<br \/>\n<br \/>\n<strong>${lm:\/\/Field\/1}<\/strong><br \/>\n&nbsp;"}},{"SurveyID":"SV_7P71SuKrlqqDiWq","Element":"SQ","PrimaryAttribute":"QID1","SecondaryAttribute":"On a scale from 1-10, to what extent to you agree with the following statement? ${lm:\/\/Field\/2}.","TertiaryAttribute":null,"Payload":{"QuestionText":"On a scale from 1-10, to what extent to you agree with the following statement?<br>\n<br>\n<strong>${lm:\/\/Field\/2}.<\/strong>","DataExportTag":"Q4","QuestionType":"MC","Selector":"SAHR","SubSelector":"TX","Configuration":{"QuestionDescriptionOption":"UseText","LabelPosition":"BELOW"},"QuestionDescription":"On a scale from 1-10, to what extent to you agree with the following statement? ${lm:\/\/Field\/2}.","Choices":{"1":{"Display":"1 Completely disagree"},"2":{"Display":"2"},"3":{"Display":"3"},"4":{"Display":"4"},"5":{"Display":"5"},"6":{"Display":"6"},"7":{"Display":"7"},"8":{"Display":"8"},"9":{"Display":"9"},"10":{"Display":"10 Completely agree"}},"ChoiceOrder":[1,2,3,4,5,6,7,8,9,10],"Validation":{"Settings":{"ForceResponse":"ON","ForceResponseType":"ON","Type":"None"}},"Language":[],"NextChoiceId":11,"NextAnswerId":1,"QuestionID":"QID1","DataVisibility":{"Private":false,"Hidden":false},"QuestionJS":"Qualtrics.SurveyEngine.addOnPageSubmit(function() {\n\t\/\/ Extract strong text from HTML string\n\tconst extractStrongText = input => (input.match(\/<strong>(.*?)<\\\/strong>\/) || [\"\", \"No strong text found.\"])[1];\n\t\/\/ Get absolute distance between two numbers\n\tconst delta = (a, b) => Math.abs(a - b);\n\n\t\/\/ Retrieve and parse existing embedded data\n\tlet currentQuestionName = Qualtrics.SurveyEngine.getJSEmbeddedData(\"questionName\");\n\tlet currentRecodeValue = parseInt(Qualtrics.SurveyEngine.getJSEmbeddedData(\"recodeValue\"), 10);\n\n\t\/\/ Obtain question content and selected choice\n\tconst questionContent = this.getQuestionTextContainer().innerHTML;\n\tconst processedContent = extractStrongText(questionContent);\n\tconst choiceAsInt = parseInt(this.getSelectedChoices()[0], 10);\n\n  \t\/\/ Manually set list of priority questions\n\tconst priorityQuestions = [\n\t\t\"Humans have made contact with aliens and this fact has been deliberately hidden from the public.\", \n\t\t\"Climate change is a hoax perpetrated by corrupt scientists and politicians.\",\n\t\t\"Joe Biden won the presidential election through voter fraud.\",\n\t\t\"Lizardmen are running the earth.\"\n\t]; \n\n\t\/\/ Function to update the embedded data\n\tfunction updateEmbeddedData(questionName, recodeValue) {\n\t  var responseID = \"${e:\/\/Field\/ResponseID}\";\n\n\t  \/\/ Create the URL for the next question\n\t  const baseUrl = \"https:\/\/streetgpt.streamlit.app\/\";\n\t  const finalURL = baseUrl + \"?password=Pilot3-10XQ8bSl&id=\" + responseID + \"&claim=\" + encodeURIComponent(questionName) + \"&credence=\" + recodeValue;\n\t  Qualtrics.SurveyEngine.setJSEmbeddedData(\"questionName\", questionName);\n\t  Qualtrics.SurveyEngine.setJSEmbeddedData(\"recodeValue\", recodeValue);\n\t  Qualtrics.SurveyEngine.setJSEmbeddedData(\"constructedURL\", finalURL);\n\t}\n\n\t\/\/ Update if there's no current question\n\tif (!currentQuestionName) {\n\t  updateEmbeddedData(processedContent, choiceAsInt);\n\t}\n\t\/\/ Update if new Question is a priority question and value is > 5, < 10.\n\t\/\/ but don't update if currentQuestionName is a priority question and currentRecodeValue > current Value & < 10\n\telse if (priorityQuestions.includes(processedContent) && choiceAsInt > 5 && choiceAsInt < 10 &&\n\t\t\t !(priorityQuestions.includes(currentQuestionName) && currentRecodeValue > choiceAsInt && currentRecodeValue < 10)) {\n\t  updateEmbeddedData(processedContent, choiceAsInt);\n\t}\n\t\/\/ Update if delta to 8 is smaller for new question,\n\t\/\/ but don't update if currentQuestionName is a priority question and currentRecodeValue > 5 & < 10\n\telse if ((delta(choiceAsInt, 8) < delta(currentRecodeValue, 8)) &&\n\t\t!(priorityQuestions.includes(currentQuestionName) && currentRecodeValue > 5 && currentRecodeValue < 10)){\n\t  updateEmbeddedData(processedContent, choiceAsInt);\n\t}\n\t\/\/ Fallback: If none of the above conditions are met, update with existing values\n\telse {\n\t  updateEmbeddedData(currentQuestionName, currentRecodeValue);\n\t}\n\n});","QuestionText_Unsafe":"On a scale from 1-10, to what extent to you agree with the following statement?<br>\n<br>\n<strong>${lm:\/\/Field\/2}.<\/strong>"}},{"SurveyID":"SV_7P71SuKrlqqDiWq","Element":"SQ","PrimaryAttribute":"QID20","SecondaryAttribute":"Please share any feedback or comments on the survey.","TertiaryAttribute":null,"Payload":{"QuestionText":"Please share any feedback or comments on the survey.<br>","DefaultChoices":false,"DataExportTag":"Feedback","QuestionType":"TE","Selector":"ESTB","Configuration":{"QuestionDescriptionOption":"UseText","InputWidth":585,"InputHeight":109},"QuestionDescription":"Please share any feedback or comments on the survey.","Validation":{"Settings":{"ForceResponse":"OFF","Type":"None"}},"GradingData":[],"Language":[],"NextChoiceId":4,"NextAnswerId":1,"SearchSource":{"AllowFreeResponse":"false"},"QuestionID":"QID20"}},{"SurveyID":"SV_7P71SuKrlqqDiWq","Element":"SQ","PrimaryAttribute":"QID13","SecondaryAttribute":"Thank you for your participation! Please click next and then submit, then you'll be redirected to...","TertiaryAttribute":null,"Payload":{"QuestionText":"Thank you for your participation! Please click next and then submit, then you'll be redirected to Prolific and your response will be recorded.","DefaultChoices":false,"DataExportTag":"Q13","QuestionID":"QID13","QuestionType":"DB","Selector":"TB","Configuration":{"QuestionDescriptionOption":"UseText"},"QuestionDescription":"Thank you for your participation! Please click next and then submit, then you'll be redirected to...","ChoiceOrder":[],"Validation":{"Settings":{"Type":"None"}},"GradingData":[],"Language":[],"NextChoiceId":4,"NextAnswerId":1}},{"SurveyID":"SV_7P71SuKrlqqDiWq","Element":"SQ","PrimaryAttribute":"QID2","SecondaryAttribute":"Thank you. Now, please click the link below to chat briefly with Diotima, an AI Chatbot, about th...","TertiaryAttribute":null,"Payload":{"QuestionText":"Thank you.<br \/>\n<br \/>\nNow, please click the link below to chat briefly with Diotima, an AI Chatbot, about the statement &quot;<strong>${e:\/\/Field\/__js_questionName}<\/strong>&quot;. This typically takes 5 minutes. Once done, you&#39;ll receive a code from Diotima. Enter that code in the text box below before moving on.<br \/>\n&nbsp; &nbsp;<br \/>\n<a href=\"${e:\/\/Field\/__js_constructedURL}\" rel=\"noopener\" target=\"_blank\">Link to Chatbot<\/a><br \/>\n<br \/>\nEnter the Code here:","QuestionJS":false,"DefaultChoices":false,"DataExportTag":"Diotima","QuestionID":"QID2","QuestionType":"TE","Selector":"SL","DataVisibility":{"Private":false,"Hidden":false},"Configuration":{"QuestionDescriptionOption":"UseText","InputWidth":265,"InputHeight":29},"QuestionDescription":"Thank you. Now, please click the link below to chat briefly with Diotima, an AI Chatbot, about th...","Validation":{"Settings":{"ForceResponse":"ON","ForceResponseType":"ON","Type":"None"}},"GradingData":[],"Language":[],"NextChoiceId":7,"NextAnswerId":1,"SearchSource":{"AllowFreeResponse":"false"},"QuestionText_Unsafe":"Thanks for sharing your thoughts. You rated your agreement with \"STATEMENT\" as CREDENCE on a 0-10 scale. <br><br>Please click the link below to chat briefly with Diotima, an AI Chatbot, about this belief. This typically takes 5 minutes. Once done, you'll receive a code from Diotima. Enter that code in the textbox below before moving on.<br>&nbsp; &nbsp;<br>LINK<br><br>Enter the Code here:<br>"}},{"SurveyID":"SV_7P71SuKrlqqDiWq","Element":"SQ","PrimaryAttribute":"QID15","SecondaryAttribute":"Thank you. Now,\u00a0please write down all the reasons that\u00a0prevented you from selecting complete agre.","TertiaryAttribute":null,"Payload":{"QuestionText":"Thank you.<br><br>Now,&nbsp;please write down all the reasons that&nbsp;<u>prevented you from selecting complete agreement<\/u> on the statement \"<strong>${e:\/\/Field\/__js_questionName}\"<\/strong>, going from the most important to the least important.<br>\n<br>\nPlease state precisely why you hold the position. Try to tell as complete a story as you can about the reasons for your position. Please provide a detailed response, as we expect you to carefully state your reasons.","QuestionJS":false,"DefaultChoices":false,"DataExportTag":"NegReasons ","QuestionType":"TE","Selector":"ESTB","DataVisibility":{"Private":false,"Hidden":false},"Configuration":{"QuestionDescriptionOption":"UseText","InputWidth":680,"InputHeight":371},"QuestionDescription":"Thank you. Now,\u00a0please write down all the reasons that\u00a0prevented you from selecting complete agre...","Validation":{"Settings":{"ForceResponse":"ON","ForceResponseType":"ON","Type":"MinChar","MinChars":"50"}},"GradingData":[],"Language":[],"NextChoiceId":7,"NextAnswerId":1,"SearchSource":{"AllowFreeResponse":"false"},"QuestionID":"QID15"}},{"SurveyID":"SV_7P71SuKrlqqDiWq","Element":"SQ","PrimaryAttribute":"QID16","SecondaryAttribute":"Thank you. Now,\u00a0please write down all the reasons you have for your position on the statement \"...","TertiaryAttribute":null,"Payload":{"QuestionText":"Thank you.<br><br>Now,&nbsp;please write down all the <u>reasons you have for your position<\/u> on the statement \"<strong>${e:\/\/Field\/__js_questionName}\"<\/strong>, going from the most important to the least important. <br><br>Please state precisely why you hold the position. Try to tell as complete a story as you can about the reasons for your position. Please provide a detailed response, as we expect you to carefully state your reasons.","QuestionJS":false,"DefaultChoices":false,"DataExportTag":"Reasons","QuestionType":"TE","Selector":"ESTB","DataVisibility":{"Private":false,"Hidden":false},"Configuration":{"QuestionDescriptionOption":"UseText","InputWidth":680,"InputHeight":371},"QuestionDescription":"Thank you. Now,\u00a0please write down all the reasons you have for your position on the statement \"...","Validation":{"Settings":{"ForceResponse":"ON","ForceResponseType":"ON","Type":"MinChar","MinChars":"50"}},"GradingData":[],"Language":[],"NextChoiceId":7,"NextAnswerId":1,"SearchSource":{"AllowFreeResponse":"false"},"QuestionID":"QID16"}},{"SurveyID":"SV_7P71SuKrlqqDiWq","Element":"SQ","PrimaryAttribute":"QID19","SecondaryAttribute":"Thank you. On a scale from 1-10, to what extent to you now agree with the statement? ...","TertiaryAttribute":null,"Payload":{"QuestionText":"Thank you.<br>\n<br>On a scale from 1-10, to what extent to you now agree with the statement?<br>\n<br>\n<strong>${e:\/\/Field\/__js_questionName}.<\/strong>","QuestionJS":"Qualtrics.SurveyEngine.addOnPageSubmit(function() {\n\t\/\/ Extract strong text from HTML string\n\tconst extractStrongText = input => (input.match(\/<strong>(.*?)<\\\/strong>\/) || [\"\", \"No strong text found.\"])[1];\n\t\/\/ Get absolute distance between two numbers\n\tconst delta = (a, b) => Math.abs(a - b);\n\n\t\/\/ Retrieve and parse existing embedded data\n\tlet currentQuestionName = Qualtrics.SurveyEngine.getJSEmbeddedData(\"questionName\");\n\tlet currentRecodeValue = parseInt(Qualtrics.SurveyEngine.getJSEmbeddedData(\"recodeValue\"), 10);\n\n\t\/\/ Obtain question content and selected choice\n\tconst questionContent = this.getQuestionTextContainer().innerHTML;\n\tconst processedContent = extractStrongText(questionContent);\n\tconst choiceAsInt = parseInt(this.getSelectedChoices()[0], 10);\n\n  \t\/\/ Manually set list of priority questions\n\tconst priorityQuestions = [\n\t\t\"Humans have made contact with aliens and this fact has been deliberately hidden from the public.\", \n\t\t\"Climate change is a hoax perpetrated by corrupt scientists and politicians.\",\n\t\t\"Joe Biden won the presidential election through voter fraud.\",\n\t\t\"Lizardmen are running the earth.\"\n\t]; \n\n\t\/\/ Function to update the embedded data\n\tfunction updateEmbeddedData(questionName, recodeValue) {\n\t  var responseID = \"${e:\/\/Field\/ResponseID}\";\n\n\t  \/\/ Create the URL for the next question\n\t  const baseUrl = \"https:\/\/streetgpt.streamlit.app\/\";\n\t  const finalURL = baseUrl + \"?password=Pilot3-10XQ8bSl&id=\" + responseID + \"&claim=\" + encodeURIComponent(questionName) + \"&credence=\" + recodeValue;\n\t  Qualtrics.SurveyEngine.setJSEmbeddedData(\"questionName\", questionName);\n\t  Qualtrics.SurveyEngine.setJSEmbeddedData(\"recodeValue\", recodeValue);\n\t  Qualtrics.SurveyEngine.setJSEmbeddedData(\"constructedURL\", finalURL);\n\t}\n\n\t\/\/ Update if there's no current question\n\tif (!currentQuestionName) {\n\t  updateEmbeddedData(processedContent, choiceAsInt);\n\t}\n\t\/\/ Update if new Question is a priority question and value is > 5, < 10.\n\t\/\/ but don't update if currentQuestionName is a priority question and currentRecodeValue > current Value & < 10\n\telse if (priorityQuestions.includes(processedContent) && choiceAsInt > 5 && choiceAsInt < 10 &&\n\t\t\t !(priorityQuestions.includes(currentQuestionName) && currentRecodeValue > choiceAsInt && currentRecodeValue < 10)) {\n\t  updateEmbeddedData(processedContent, choiceAsInt);\n\t}\n\t\/\/ Update if delta to 8 is smaller for new question,\n\t\/\/ but don't update if currentQuestionName is a priority question and currentRecodeValue > 5 & < 10\n\telse if ((delta(choiceAsInt, 8) < delta(currentRecodeValue, 8)) &&\n\t\t!(priorityQuestions.includes(currentQuestionName) && currentRecodeValue > 5 && currentRecodeValue < 10)){\n\t  updateEmbeddedData(processedContent, choiceAsInt);\n\t}\n\t\/\/ Fallback: If none of the above conditions are met, update with existing values\n\telse {\n\t  updateEmbeddedData(currentQuestionName, currentRecodeValue);\n\t}\n\n});","DataExportTag":"Credence_post","QuestionType":"MC","Selector":"SAHR","SubSelector":"TX","DataVisibility":{"Private":false,"Hidden":false},"Configuration":{"QuestionDescriptionOption":"UseText","LabelPosition":"BELOW"},"QuestionDescription":"Thank you. On a scale from 1-10, to what extent to you now agree with the statement? ...","Choices":{"1":{"Display":"1 Completely disagree"},"2":{"Display":"2"},"3":{"Display":"3"},"4":{"Display":"4"},"5":{"Display":"5"},"6":{"Display":"6"},"7":{"Display":"7"},"8":{"Display":"8"},"9":{"Display":"9"},"10":{"Display":"10 Completely agree"}},"ChoiceOrder":[1,2,3,4,5,6,7,8,9,10],"Validation":{"Settings":{"ForceResponse":"ON","ForceResponseType":"ON","Type":"None"}},"Language":[],"NextChoiceId":11,"NextAnswerId":1,"QuestionID":"QID19"}},{"SurveyID":"SV_7P71SuKrlqqDiWq","Element":"SQ","PrimaryAttribute":"QID18","SecondaryAttribute":"Thanks for sharing your thoughts. We would now like to ask you to provide a bit more detail on a...","TertiaryAttribute":null,"Payload":{"QuestionText":"Thanks for sharing your thoughts. We would now like to ask you to provide a bit more detail on a randomly selected question.<br \/>\n<br \/>\nThe selected question is<strong> &quot;${e:\/\/Field\/__js_questionName}&quot;<\/strong>.<br \/>\n<br \/>\nHow <u>important<\/u> is it to you that your viewpoint on <u>statement is accurate<\/u>?","QuestionJS":"Qualtrics.SurveyEngine.addOnPageSubmit(function() {\n\t\/\/ Extract strong text from HTML string\n\tconst extractStrongText = input => (input.match(\/<strong>(.*?)<\\\/strong>\/) || [\"\", \"No strong text found.\"])[1];\n\t\/\/ Get absolute distance between two numbers\n\tconst delta = (a, b) => Math.abs(a - b);\n\n\t\/\/ Retrieve and parse existing embedded data\n\tlet currentQuestionName = Qualtrics.SurveyEngine.getJSEmbeddedData(\"questionName\");\n\tlet currentRecodeValue = parseInt(Qualtrics.SurveyEngine.getJSEmbeddedData(\"recodeValue\"), 10);\n\n\t\/\/ Obtain question content and selected choice\n\tconst questionContent = this.getQuestionTextContainer().innerHTML;\n\tconst processedContent = extractStrongText(questionContent);\n\tconst choiceAsInt = parseInt(this.getSelectedChoices()[0], 10);\n\n  \t\/\/ Manually set list of priority questions\n\tconst priorityQuestions = [\n\t\t\"Humans have made contact with aliens and this fact has been deliberately hidden from the public.\", \n\t\t\"Climate change is a hoax perpetrated by corrupt scientists and politicians.\",\n\t\t\"Joe Biden won the presidential election through voter fraud.\",\n\t\t\"Elections in this country are often rigged.\"\n\t]; \n\n\t\/\/ Function to update the embedded data\n\tfunction updateEmbeddedData(questionName, recodeValue) {\n\t  var responseID = \"${e:\/\/Field\/ResponseID}\";\n\n\t  \/\/ Create the URL for the next question\n\t  const baseUrl = Math.random() < 0.5 ? \"https:\/\/streetgpt.streamlit.app\/\" : \"https:\/\/streetgpt2.streamlit.app\/\";\n\t  const finalURL = baseUrl + \"?password=Pilot3-10XQ8bSl&id=\" + responseID + \"&claim=\" + encodeURIComponent(questionName) + \"&credence=\" + recodeValue;\n\t  Qualtrics.SurveyEngine.setJSEmbeddedData(\"questionName\", questionName);\n\t  Qualtrics.SurveyEngine.setJSEmbeddedData(\"recodeValue\", recodeValue);\n\t  Qualtrics.SurveyEngine.setJSEmbeddedData(\"constructedURL\", finalURL);\n\t}\n\n\t\/\/ Update if there's no current question\n\tif (!currentQuestionName) {\n\t  updateEmbeddedData(processedContent, choiceAsInt);\n\t}\n\t\/\/ Update if new Question is a priority question and value is > 5\n\t\/\/ but don't update if currentQuestionName is a priority question and currentRecodeValue > current Value\n\telse if (priorityQuestions.includes(processedContent) && choiceAsInt > 5 &&\n\t\t\t !(priorityQuestions.includes(currentQuestionName) && currentRecodeValue > choiceAsInt)) {\n\t  updateEmbeddedData(processedContent, choiceAsInt);\n\t}\n\t\/\/ Update if delta to 8 is smaller for new question,\n\t\/\/ but don't update if currentQuestionName is a priority question and currentRecodeValue > 5\n\telse if ((delta(choiceAsInt, 8) < delta(currentRecodeValue, 8)) &&\n\t\t!(priorityQuestions.includes(currentQuestionName) && currentRecodeValue > 5)){\n\t  updateEmbeddedData(processedContent, choiceAsInt);\n\t}\n\t\/\/ Fallback: If none of the above conditions are met, update with existing values\n\telse {\n\t  updateEmbeddedData(currentQuestionName, currentRecodeValue);\n\t}\n\n});","DataExportTag":"Importance","QuestionType":"MC","Selector":"SAHR","SubSelector":"TX","DataVisibility":{"Private":false,"Hidden":false},"Configuration":{"QuestionDescriptionOption":"UseText","LabelPosition":"BELOW"},"QuestionDescription":"Thanks for sharing your thoughts. We would now like to ask you to provide a bit more detail on a...","Choices":{"1":{"Display":"1 Not at all important"},"2":{"Display":"2"},"3":{"Display":"3"},"4":{"Display":"4"},"5":{"Display":"5"},"6":{"Display":"6"},"7":{"Display":"7"},"8":{"Display":"8"},"9":{"Display":"9"},"10":{"Display":"10 Very important"}},"ChoiceOrder":[1,2,3,4,5,6,7,8,9,10],"Validation":{"Settings":{"ForceResponse":"ON","ForceResponseType":"ON","Type":"None"}},"Language":[],"NextChoiceId":11,"NextAnswerId":1,"QuestionID":"QID18"}},{"SurveyID":"SV_7P71SuKrlqqDiWq","Element":"SQ","PrimaryAttribute":"QID14","SecondaryAttribute":"To which political group do you feel you most closely aligned?","TertiaryAttribute":null,"Payload":{"QuestionText":"To which political group do you feel you most closely aligned?","DataExportTag":"politics","QuestionType":"MC","Selector":"SAVR","SubSelector":"TX","Configuration":{"QuestionDescriptionOption":"UseText"},"QuestionDescription":"To which political group do you feel you most closely aligned?","Choices":{"4":{"Display":"Strongly Democrat"},"5":{"Display":"Lean Democrat"},"6":{"Display":"Lean Republican"},"7":{"Display":"Strongly Republican"},"8":{"Display":"Other","TextEntry":"true"},"9":{"Display":"Prefer not to say"}},"ChoiceOrder":["4","5","6","7","8","9"],"Validation":{"Settings":{"ForceResponse":"ON","ForceResponseType":"ON","Type":"None"}},"Language":[],"NextChoiceId":10,"NextAnswerId":1,"QuestionID":"QID14","RecodeValues":{"4":"1","5":"2","6":"3","7":"4","8":"-99","9":"-99"},"DataVisibility":{"Private":false,"Hidden":false}}},{"SurveyID":"SV_7P71SuKrlqqDiWq","Element":"SQ","PrimaryAttribute":"QID8","SecondaryAttribute":"What is your highest level of educational attainment?","TertiaryAttribute":null,"Payload":{"QuestionText":"What is your highest level of educational attainment?","DefaultChoices":false,"DataExportTag":"education","QuestionType":"MC","Selector":"SAVR","SubSelector":"TX","Configuration":{"QuestionDescriptionOption":"UseText","Autoscale":{"YScale":{"Name":"education","Type":"likert","Reverse":false}}},"QuestionDescription":"What is your highest level of educational attainment?","Choices":{"1":{"Display":"Less than high school"},"2":{"Display":"High school graduate"},"3":{"Display":"Some college"},"4":{"Display":"2 year degree"},"5":{"Display":"4 year degree"},"6":{"Display":"Professional degree"},"7":{"Display":"Doctorate"}},"ChoiceOrder":[1,2,3,4,5,6,7],"Validation":{"Settings":{"ForceResponse":"OFF","Type":"None"}},"GradingData":[],"Language":[],"NextChoiceId":8,"NextAnswerId":1,"QuestionID":"QID8","QuestionText_Unsafe":"What is your highest level of educational attainment?","DataVisibility":{"Private":false,"Hidden":false}}},{"SurveyID":"SV_7P71SuKrlqqDiWq","Element":"SQ","PrimaryAttribute":"QID12","SecondaryAttribute":"What is your Prolific ID? Please note that this response should auto-fill with the correct ID","TertiaryAttribute":null,"Payload":{"QuestionText":"What is your Prolific ID? <br>Please note that this response should auto-fill with the correct ID","DefaultChoices":{"TEXT":{"Text":"${e:\/\/Field\/PROLIFIC_PID}"}},"DataExportTag":"Q3","QuestionType":"TE","Selector":"SL","Configuration":{"QuestionDescriptionOption":"UseText"},"QuestionDescription":"What is your Prolific ID? Please note that this response should auto-fill with the correct ID","Validation":{"Settings":{"ForceResponse":"ON","ForceResponseType":"ON","Type":"None"}},"GradingData":[],"Language":[],"NextChoiceId":4,"NextAnswerId":1,"SearchSource":{"AllowFreeResponse":"false"},"QuestionID":"QID12","DataVisibility":{"Private":false,"Hidden":false},"QuestionText_Unsafe":"What is your Prolific ID? <br>Please note that this response should auto-fill with the correct ID"}}]}